
Microsoft Visual Studio Solution File, Format Version 12.00
# Visual Studio 15
VisualStudioVersion = 15.0.27428.2015
MinimumVisualStudioVersion = 10.0.40219.1
Project("{FAE04EC0-301F-11D3-BF4B-00C04F79EFBC}") = "Chat_messenger", "Chat_messenger\Chat_messenger.csproj", "{ABACC6D7-93E5-4108-AFD6-A3EBE593FE29}"
EndProject
Global
	GlobalSection(SolutionConfigurationPlatforms) = preSolution
		Debug|Any CPU = Debug|Any CPU
		Release|Any CPU = Release|Any CPU
	EndGlobalSection
	GlobalSection(ProjectConfigurationPlatforms) = postSolution
		{ABACC6D7-93E5-4108-AFD6-A3EBE593FE29}.Debug|Any CPU.ActiveCfg = Debug|Any CPU
		{ABACC6D7-93E5-4108-AFD6-A3EBE593FE29}.Debug|Any CPU.Build.0 = Debug|Any CPU
		{ABACC6D7-93E5-4108-AFD6-A3EBE593FE29}.Release|Any CPU.ActiveCfg = Release|Any CPU
		{ABACC6D7-93E5-4108-AFD6-A3EBE593FE29}.Release|Any CPU.Build.0 = Release|Any CPU
	EndGlobalSection
	GlobalSection(SolutionProperties) = preSolution
		HideSolutionNode = FALSE
	EndGlobalSection
	GlobalSection(ExtensibilityGlobals) = postSolution
		SolutionGuid = {E48EDDBE-E946-45C0-BF98-7D8885D277D1}
	EndGlobalSection
EndGlobal
